# This file is automatically @generated by Cargo.
# It is not intended for manual editing.
version = 4

[[package]]
name = "core"
version = "0.0.0"

[[package]]
name = "eval"
version = "0.0.0"

[[package]]
name = "pipeline"
version = "0.0.0"

[[package]]
name = "rules-engine"
version = "0.0.0"

[[package]]
name = "store-clickhouse"
version = "0.0.0"

[[package]]
name = "store-postgres"
version = "0.0.0"

[[package]]
name = "web"
version = "0.0.0"
